
Microsoft Visual Studio Solution File, Format Version 11.00
# Visual Studio 2010
Project("{8BC9CEB8-8B4A-11D0-8D11-00A0C91BC942}") = "OGL2DE", "OGL2DE\OGL2DE.vcxproj", "{87DFC874-F7E5-4CC5-AB29-F4C6873F8527}"
EndProject
Global
	GlobalSection(SolutionConfigurationPlatforms) = preSolution
		Debug|Win32 = Debug|Win32
		Release|Win32 = Release|Win32
	EndGlobalSection
	GlobalSection(ProjectConfigurationPlatforms) = postSolution
		{87DFC874-F7E5-4CC5-AB29-F4C6873F8527}.Debug|Win32.ActiveCfg = Debug|Win32
		{87DFC874-F7E5-4CC5-AB29-F4C6873F8527}.Debug|Win32.Build.0 = Debug|Win32
		{87DFC874-F7E5-4CC5-AB29-F4C6873F8527}.Release|Win32.ActiveCfg = Release|Win32
		{87DFC874-F7E5-4CC5-AB29-F4C6873F8527}.Release|Win32.Build.0 = Release|Win32
	EndGlobalSection
	GlobalSection(SolutionProperties) = preSolution
		HideSolutionNode = FALSE
	EndGlobalSection
EndGlobal
